// !$*UTF8*$!
{
	archiveVersion = 1;
	classes = {
	};
	objectVersion = 46;
	objects = {

/* Begin PBXBuildFile section */
		BD89D45D1EC6DC5B00F386B5 /* AppDelegate.swift in Sources */ = {isa = PBXBuildFile; fileRef = BD89D45C1EC6DC5B00F386B5 /* AppDelegate.swift */; };
		BD89D45F1EC6DC5B00F386B5 /* MapViewController.swift in Sources */ = {isa = PBXBuildFile; fileRef = BD89D45E1EC6DC5B00F386B5 /* MapViewController.swift */; };
		BD89D4621EC6DC5B00F386B5 /* Main.storyboard in Resources */ = {isa = PBXBuildFile; fileRef = BD89D4601EC6DC5B00F386B5 /* Main.storyboard */; };
		BD89D4641EC6DC5B00F386B5 /* Assets.xcassets in Resources */ = {isa = PBXBuildFile; fileRef = BD89D4631EC6DC5B00F386B5 /* Assets.xcassets */; };
		BD89D4671EC6DC5B00F386B5 /* LaunchScreen.storyboard in Resources */ = {isa = PBXBuildFile; fileRef = BD89D4651EC6DC5B00F386B5 /* LaunchScreen.storyboard */; };
		BDEF3B971EC73D0800081372 /* CurrentLocationAnnotation.swift in Sources */ = {isa = PBXBuildFile; fileRef = BDEF3B961EC73D0800081372 /* CurrentLocationAnnotation.swift */; };
/* End PBXBuildFile section */

/* Begin PBXFileReference section */
		BD89D4591EC6DC5B00F386B5 /* WhereAmI.app */ = {isa = PBXFileReference; explicitFileType = wrapper.application; includeInIndex = 0; path = WhereAmI.app; sourceTree = BUILT_PRODUCTS_DIR; };
		BD89D45C1EC6DC5B00F386B5 /* AppDelegate.swift */ = {isa = PBXFileReference; lastKnownFileType = sourcecode.swift; path = AppDelegate.swift; sourceTree = "<group>"; };
		BD89D45E1EC6DC5B00F386B5 /* MapViewController.swift */ = {isa = PBXFileReference; lastKnownFileType = sourcecode.swift; path = MapViewController.swift; sourceTree = "<group>"; };
		BD89D4611EC6DC5B00F386B5 /* Base */ = {isa = PBXFileReference; lastKnownFileType = file.storyboard; name = Base; path = Base.lproj/Main.storyboard; sourceTree = "<group>"; };
		BD89D4631EC6DC5B00F386B5 /* Assets.xcassets */ = {isa = PBXFileReference; lastKnownFileType = folder.assetcatalog; path = Assets.xcassets; sourceTree = "<group>"; };
		BD89D4661EC6DC5B00F386B5 /* Base */ = {isa = PBXFileReference; lastKnownFileType = file.storyboard; name = Base; path = Base.lproj/LaunchScreen.storyboard; sourceTree = "<group>"; };
		BD89D4681EC6DC5B00F386B5 /* Info.plist */ = {isa = PBXFileReference; lastKnownFileType = text.plist.xml; path = Info.plist; sourceTree = "<group>"; };
		BDEF3B961EC73D0800081372 /* CurrentLocationAnnotation.swift */ = {isa = PBXFileReference; fileEncoding = 4; lastKnownFileType = sourcecode.swift; path = CurrentLocationAnnotation.swift; sourceTree = "<group>"; };
/* End PBXFileReference section */

/* Begin PBXFrameworksBuildPhase section */
		BD89D4561EC6DC5B00F386B5 /* Frameworks */ = {
			isa = PBXFrameworksBuildPhase;
			buildActionMask = 2147483647;
			files = (
			);
			runOnlyForDeploymentPostprocessing = 0;
		};
/* End PBXFrameworksBuildPhase section */

/* Begin PBXGroup section */
		BD89D4501EC6DC5B00F386B5 = {
			isa = PBXGroup;
			children = (
				BD89D45B1EC6DC5B00F386B5 /* WhereAmI */,
				BD89D45A1EC6DC5B00F386B5 /* Products */,
			);
			sourceTree = "<group>";
		};
		BD89D45A1EC6DC5B00F386B5 /* Products */ = {
			isa = PBXGroup;
			children = (
				BD89D4591EC6DC5B00F386B5 /* WhereAmI.app */,
			);
			name = Products;
			sourceTree = "<group>";
		};
		BD89D45B1EC6DC5B00F386B5 /* WhereAmI */ = {
			isa = PBXGroup;
			children = (
				BD89D45C1EC6DC5B00F386B5 /* AppDelegate.swift */,
				BD89D45E1EC6DC5B00F386B5 /* MapViewController.swift */,
				BDEF3B961EC73D0800081372 /* CurrentLocationAnnotation.swift */,
				BD89D4601EC6DC5B00F386B5 /* Main.storyboard */,
				BD89D4631EC6DC5B00F386B5 /* Assets.xcassets */,
				BD89D4651EC6DC5B00F386B5 /* LaunchScreen.storyboard */,
				BD89D4681EC6DC5B00F386B5 /* Info.plist */,
			);
			path = WhereAmI;
			sourceTree = "<group>";
		};
/* End PBXGroup section */

/* Begin PBXNativeTarget section */
		BD89D4581EC6DC5B00F386B5 /* WhereAmI */ = {
			isa = PBXNativeTarget;
			buildConfigurationList = BD89D46B1EC6DC5B00F386B5 /* Build configuration list for PBXNativeTarget "WhereAmI" */;
			buildPhases = (
				BD89D4551EC6DC5B00F386B5 /* Sources */,
				BD89D4561EC6DC5B00F386B5 /* Frameworks */,
				BD89D4571EC6DC5B00F386B5 /* Resources */,
			);
			buildRules = (
			);
			dependencies = (
			);
			name = WhereAmI;
			productName = WhereAmI;
			productReference = BD89D4591EC6DC5B00F386B5 /* WhereAmI.app */;
			productType = "com.apple.product-type.application";
		};
/* End PBXNativeTarget section */

/* Begin PBXProject section */
		BD89D4511EC6DC5B00F386B5 /* Project object */ = {
			isa = PBXProject;
			attributes = {
				LastSwiftUpdateCheck = 0830;
				LastUpgradeCheck = 0830;
				ORGANIZATIONNAME = "Shilpa Bhat";
				TargetAttributes = {
					BD89D4581EC6DC5B00F386B5 = {
						CreatedOnToolsVersion = 8.3.2;
						DevelopmentTeam = 5AEK4YMQC9;
						ProvisioningStyle = Automatic;
					};
				};
			};
			buildConfigurationList = BD89D4541EC6DC5B00F386B5 /* Build configuration list for PBXProject "WhereAmI" */;
			compatibilityVersion = "Xcode 3.2";
			developmentRegion = English;
			hasScannedForEncodings = 0;
			knownRegions = (
				en,
				Base,
			);
			mainGroup = BD89D4501EC6DC5B00F386B5;
			productRefGroup = BD89D45A1EC6DC5B00F386B5 /* Products */;
			projectDirPath = "";
			projectRoot = "";
			targets = (
				BD89D4581EC6DC5B00F386B5 /* WhereAmI */,
			);
		};
/* End PBXProject section */

/* Begin PBXResourcesBuildPhase section */
		BD89D4571EC6DC5B00F386B5 /* Resources */ = {
			isa = PBXResourcesBuildPhase;
			buildActionMask = 2147483647;
			files = (
				BD89D4671EC6DC5B00F386B5 /* LaunchScreen.storyboard in Resources */,
				BD89D4641EC6DC5B00F386B5 /* Assets.xcassets in Resources */,
				BD89D4621EC6DC5B00F386B5 /* Main.storyboard in Resources */,
			);
			runOnlyForDeploymentPostprocessing = 0;
		};
/* End PBXResourcesBuildPhase section */

/* Begin PBXSourcesBuildPhase section */
		BD89D4551EC6DC5B00F386B5 /* Sources */ = {
			isa = PBXSourcesBuildPhase;
			buildActionMask = 2147483647;
			files = (
				BDEF3B971EC73D0800081372 /* CurrentLocationAnnotation.swift in Sources */,
				BD89D45F1EC6DC5B00F386B5 /* MapViewController.swift in Sources */,
				BD89D45D1EC6DC5B00F386B5 /* AppDelegate.swift in Sources */,
			);
			runOnlyForDeploymentPostprocessing = 0;
		};
/* End PBXSourcesBuildPhase section */

/* Begin PBXVariantGroup section */
		BD89D4601EC6DC5B00F386B5 /* Main.storyboard */ = {
			isa = PBXVariantGroup;
			children = (
				BD89D4611EC6DC5B00F386B5 /* Base */,
			);
			name = Main.storyboard;
			sourceTree = "<group>";
		};
		BD89D4651EC6DC5B00F386B5 /* LaunchScreen.storyboard */ = {
			isa = PBXVariantGroup;
			children = (
				BD89D4661EC6DC5B00F386B5 /* Base */,
			);
			name = LaunchScreen.storyboard;
			sourceTree = "<group>";
		};
/* End PBXVariantGroup section */

/* Begin XCBuildConfiguration section */
		BD89D4691EC6DC5B00F386B5 /* Debug */ = {
			isa = XCBuildConfiguration;
			buildSettings = {
				ALWAYS_SEARCH_USER_PATHS = NO;
				CLANG_ANALYZER_NONNULL = YES;
				CLANG_ANALYZER_NUMBER_OBJECT_CONVERSION = YES_AGGRESSIVE;
				CLANG_CXX_LANGUAGE_STANDARD = "gnu++0x";
				CLANG_CXX_LIBRARY = "libc++";
				CLANG_ENABLE_MODULES = YES;
				CLANG_ENABLE_OBJC_ARC = YES;
				CLANG_WARN_BOOL_CONVERSION = YES;
				CLANG_WARN_CONSTANT_CONVERSION = YES;
				CLANG_WARN_DIRECT_OBJC_ISA_USAGE = YES_ERROR;
				CLANG_WARN_DOCUMENTATION_COMMENTS = YES;
				CLANG_WARN_EMPTY_BODY = YES;
				CLANG_WARN_ENUM_CONVERSION = YES;
				CLANG_WARN_INFINITE_RECURSION = YES;
				CLANG_WARN_INT_CONVERSION = YES;
				CLANG_WARN_OBJC_ROOT_CLASS = YES_ERROR;
				CLANG_WARN_SUSPICIOUS_MOVE = YES;
				CLANG_WARN_UNREACHABLE_CODE = YES;
				CLANG_WARN__DUPLICATE_METHOD_MATCH = YES;
				"CODE_SIGN_IDENTITY[sdk=iphoneos*]" = "iPhone Developer";
				COPY_PHASE_STRIP = NO;
				DEBUG_INFORMATION_FORMAT = dwarf;
				ENABLE_STRICT_OBJC_MSGSEND = YES;
				ENABLE_TESTABILITY = YES;
				GCC_C_LANGUAGE_STANDARD = gnu99;
				GCC_DYNAMIC_NO_PIC = NO;
				GCC_NO_COMMON_BLOCKS = YES;
				GCC_OPTIMIZATION_LEVEL = 0;
				GCC_PREPROCESSOR_DEFINITIONS = (
					"DEBUG=1",
					"$(inherited)",
				);
				GCC_WARN_64_TO_32_BIT_CONVERSION = YES;
				GCC_WARN_ABOUT_RETURN_TYPE = YES_ERROR;
				GCC_WARN_UNDECLARED_SELECTOR = YES;
				GCC_WARN_UNINITIALIZED_AUTOS = YES_AGGRESSIVE;
				GCC_WARN_UNUSED_FUNCTION = YES;
				GCC_WARN_UNUSED_VARIABLE = YES;
				IPHONEOS_DEPLOYMENT_TARGET = 10.3;
				MTL_ENABLE_DEBUG_INFO = YES;
				ONLY_ACTIVE_ARCH = YES;
				SDKROOT = iphoneos;
				SWIFT_ACTIVE_COMPILATION_CONDITIONS = DEBUG;
				SWIFT_OPTIMIZATION_LEVEL = "-Onone";
				TARGETED_DEVICE_FAMILY = "1,2";
			};
			name = Debug;
		};
		BD89D46A1EC6DC5B00F386B5 /* Release */ = {
			isa = XCBuildConfiguration;
			buildSettings = {
				ALWAYS_SEARCH_USER_PATHS = NO;
				CLANG_ANALYZER_NONNULL = YES;
				CLANG_ANALYZER_NUMBER_OBJECT_CONVERSION = YES_AGGRESSIVE;
				CLANG_CXX_LANGUAGE_STANDARD = "gnu++0x";
				CLANG_CXX_LIBRARY = "libc++";
				CLANG_ENABLE_MODULES = YES;
				CLANG_ENABLE_OBJC_ARC = YES;
				CLANG_WARN_BOOL_CONVERSION = YES;
				CLANG_WARN_CONSTANT_CONVERSION = YES;
				CLANG_WARN_DIRECT_OBJC_ISA_USAGE = YES_ERROR;
				CLANG_WARN_DOCUMENTATION_COMMENTS = YES;
				CLANG_WARN_EMPTY_BODY = YES;
				CLANG_WARN_ENUM_CONVERSION = YES;
				CLANG_WARN_INFINITE_RECURSION = YES;
				CLANG_WARN_INT_CONVERSION = YES;
				CLANG_WARN_OBJC_ROOT_CLASS = YES_ERROR;
				CLANG_WARN_SUSPICIOUS_MOVE = YES;
				CLANG_WARN_UNREACHABLE_CODE = YES;
				CLANG_WARN__DUPLICATE_METHOD_MATCH = YES;
				"CODE_SIGN_IDENTITY[sdk=iphoneos*]" = "iPhone Developer";
				COPY_PHASE_STRIP = NO;
				DEBUG_INFORMATION_FORMAT = "dwarf-with-dsym";
				ENABLE_NS_ASSERTIONS = NO;
				ENABLE_STRICT_OBJC_MSGSEND = YES;
				GCC_C_LANGUAGE_STANDARD = gnu99;
				GCC_NO_COMMON_BLOCKS = YES;
				GCC_WARN_64_TO_32_BIT_CONVERSION = YES;
				GCC_WARN_ABOUT_RETURN_TYPE = YES_ERROR;
				GCC_WARN_UNDECLARED_SELECTOR = YES;
				GCC_WARN_UNINITIALIZED_AUTOS = YES_AGGRESSIVE;
				GCC_WARN_UNUSED_FUNCTION = YES;
				GCC_WARN_UNUSED_VARIABLE = YES;
				IPHONEOS_DEPLOYMENT_TARGET = 10.3;
				MTL_ENABLE_DEBUG_INFO = NO;
				SDKROOT = iphoneos;
				SWIFT_OPTIMIZATION_LEVEL = "-Owholemodule";
				TARGETED_DEVICE_FAMILY = "1,2";
				VALIDATE_PRODUCT = YES;
			};
			name = Release;
		};
		BD89D46C1EC6DC5B00F386B5 /* Debug */ = {
			isa = XCBuildConfiguration;
			buildSettings = {
				ASSETCATALOG_COMPILER_APPICON_NAME = AppIcon;
				DEVELOPMENT_TEAM = 5AEK4YMQC9;
				INFOPLIST_FILE = WhereAmI/Info.plist;
				LD_RUNPATH_SEARCH_PATHS = "$(inherited) @executable_path/Frameworks";
				PRODUCT_BUNDLE_IDENTIFIER = com.shilpa.WhereAmI;
				PRODUCT_NAME = "$(TARGET_NAME)";
				SWIFT_VERSION = 3.0;
			};
			name = Debug;
		};
		BD89D46D1EC6DC5B00F386B5 /* Release */ = {
			isa = XCBuildConfiguration;
			buildSettings = {
				ASSETCATALOG_COMPILER_APPICON_NAME = AppIcon;
				DEVELOPMENT_TEAM = 5AEK4YMQC9;
				INFOPLIST_FILE = WhereAmI/Info.plist;
				LD_RUNPATH_SEARCH_PATHS = "$(inherited) @executable_path/Frameworks";
				PRODUCT_BUNDLE_IDENTIFIER = com.shilpa.WhereAmI;
				PRODUCT_NAME = "$(TARGET_NAME)";
				SWIFT_VERSION = 3.0;
			};
			name = Release;
		};
/* End XCBuildConfiguration section */

/* Begin XCConfigurationList section */
		BD89D4541EC6DC5B00F386B5 /* Build configuration list for PBXProject "WhereAmI" */ = {
			isa = XCConfigurationList;
			buildConfigurations = (
				BD89D4691EC6DC5B00F386B5 /* Debug */,
				BD89D46A1EC6DC5B00F386B5 /* Release */,
			);
			defaultConfigurationIsVisible = 0;
			defaultConfigurationName = Release;
		};
		BD89D46B1EC6DC5B00F386B5 /* Build configuration list for PBXNativeTarget "WhereAmI" */ = {
			isa = XCConfigurationList;
			buildConfigurations = (
				BD89D46C1EC6DC5B00F386B5 /* Debug */,
				BD89D46D1EC6DC5B00F386B5 /* Release */,
			);
			defaultConfigurationIsVisible = 0;
			defaultConfigurationName = Release;
		};
/* End XCConfigurationList section */
	};
	rootObject = BD89D4511EC6DC5B00F386B5 /* Project object */;
}
