// !$*UTF8*$!
{
	archiveVersion = 1;
	classes = {
	};
	objectVersion = 46;
	objects = {

/* Begin PBXBuildFile section */
		BDE7FCAF1F121A4400AE1D21 /* AppDelegate.swift in Sources */ = {isa = PBXBuildFile; fileRef = BDE7FCAE1F121A4400AE1D21 /* AppDelegate.swift */; };
		BDE7FCB71F121A4400AE1D21 /* FBMessanger.xcdatamodeld in Sources */ = {isa = PBXBuildFile; fileRef = BDE7FCB51F121A4400AE1D21 /* FBMessanger.xcdatamodeld */; };
		BDE7FCB91F121A4400AE1D21 /* Assets.xcassets in Resources */ = {isa = PBXBuildFile; fileRef = BDE7FCB81F121A4400AE1D21 /* Assets.xcassets */; };
		BDE7FCBC1F121A4400AE1D21 /* LaunchScreen.storyboard in Resources */ = {isa = PBXBuildFile; fileRef = BDE7FCBA1F121A4400AE1D21 /* LaunchScreen.storyboard */; };
		BDE7FCC41F121AA400AE1D21 /* FriendsViewController.swift in Sources */ = {isa = PBXBuildFile; fileRef = BDE7FCC31F121AA400AE1D21 /* FriendsViewController.swift */; };
/* End PBXBuildFile section */

/* Begin PBXFileReference section */
		BDE7FCAB1F121A4400AE1D21 /* FBMessanger.app */ = {isa = PBXFileReference; explicitFileType = wrapper.application; includeInIndex = 0; path = FBMessanger.app; sourceTree = BUILT_PRODUCTS_DIR; };
		BDE7FCAE1F121A4400AE1D21 /* AppDelegate.swift */ = {isa = PBXFileReference; lastKnownFileType = sourcecode.swift; path = AppDelegate.swift; sourceTree = "<group>"; };
		BDE7FCB61F121A4400AE1D21 /* FBMessanger.xcdatamodel */ = {isa = PBXFileReference; lastKnownFileType = wrapper.xcdatamodel; path = FBMessanger.xcdatamodel; sourceTree = "<group>"; };
		BDE7FCB81F121A4400AE1D21 /* Assets.xcassets */ = {isa = PBXFileReference; lastKnownFileType = folder.assetcatalog; path = Assets.xcassets; sourceTree = "<group>"; };
		BDE7FCBB1F121A4400AE1D21 /* Base */ = {isa = PBXFileReference; lastKnownFileType = file.storyboard; name = Base; path = Base.lproj/LaunchScreen.storyboard; sourceTree = "<group>"; };
		BDE7FCBD1F121A4400AE1D21 /* Info.plist */ = {isa = PBXFileReference; lastKnownFileType = text.plist.xml; path = Info.plist; sourceTree = "<group>"; };
		BDE7FCC31F121AA400AE1D21 /* FriendsViewController.swift */ = {isa = PBXFileReference; fileEncoding = 4; lastKnownFileType = sourcecode.swift; path = FriendsViewController.swift; sourceTree = "<group>"; };
/* End PBXFileReference section */

/* Begin PBXFrameworksBuildPhase section */
		BDE7FCA81F121A4400AE1D21 /* Frameworks */ = {
			isa = PBXFrameworksBuildPhase;
			buildActionMask = 2147483647;
			files = (
			);
			runOnlyForDeploymentPostprocessing = 0;
		};
/* End PBXFrameworksBuildPhase section */

/* Begin PBXGroup section */
		BDE7FCA21F121A4400AE1D21 = {
			isa = PBXGroup;
			children = (
				BDE7FCAD1F121A4400AE1D21 /* FBMessanger */,
				BDE7FCAC1F121A4400AE1D21 /* Products */,
			);
			sourceTree = "<group>";
		};
		BDE7FCAC1F121A4400AE1D21 /* Products */ = {
			isa = PBXGroup;
			children = (
				BDE7FCAB1F121A4400AE1D21 /* FBMessanger.app */,
			);
			name = Products;
			sourceTree = "<group>";
		};
		BDE7FCAD1F121A4400AE1D21 /* FBMessanger */ = {
			isa = PBXGroup;
			children = (
				BDE7FCC51F121D2900AE1D21 /* Supporting files */,
				BDE7FCC31F121AA400AE1D21 /* FriendsViewController.swift */,
			);
			path = FBMessanger;
			sourceTree = "<group>";
		};
		BDE7FCC51F121D2900AE1D21 /* Supporting files */ = {
			isa = PBXGroup;
			children = (
				BDE7FCAE1F121A4400AE1D21 /* AppDelegate.swift */,
				BDE7FCB81F121A4400AE1D21 /* Assets.xcassets */,
				BDE7FCBA1F121A4400AE1D21 /* LaunchScreen.storyboard */,
				BDE7FCBD1F121A4400AE1D21 /* Info.plist */,
				BDE7FCB51F121A4400AE1D21 /* FBMessanger.xcdatamodeld */,
			);
			name = "Supporting files";
			sourceTree = "<group>";
		};
/* End PBXGroup section */

/* Begin PBXNativeTarget section */
		BDE7FCAA1F121A4400AE1D21 /* FBMessanger */ = {
			isa = PBXNativeTarget;
			buildConfigurationList = BDE7FCC01F121A4400AE1D21 /* Build configuration list for PBXNativeTarget "FBMessanger" */;
			buildPhases = (
				BDE7FCA71F121A4400AE1D21 /* Sources */,
				BDE7FCA81F121A4400AE1D21 /* Frameworks */,
				BDE7FCA91F121A4400AE1D21 /* Resources */,
			);
			buildRules = (
			);
			dependencies = (
			);
			name = FBMessanger;
			productName = FBMessanger;
			productReference = BDE7FCAB1F121A4400AE1D21 /* FBMessanger.app */;
			productType = "com.apple.product-type.application";
		};
/* End PBXNativeTarget section */

/* Begin PBXProject section */
		BDE7FCA31F121A4400AE1D21 /* Project object */ = {
			isa = PBXProject;
			attributes = {
				LastSwiftUpdateCheck = 0830;
				LastUpgradeCheck = 0830;
				ORGANIZATIONNAME = "Shilpa Bhat";
				TargetAttributes = {
					BDE7FCAA1F121A4400AE1D21 = {
						CreatedOnToolsVersion = 8.3.3;
						ProvisioningStyle = Automatic;
					};
				};
			};
			buildConfigurationList = BDE7FCA61F121A4400AE1D21 /* Build configuration list for PBXProject "FBMessanger" */;
			compatibilityVersion = "Xcode 3.2";
			developmentRegion = English;
			hasScannedForEncodings = 0;
			knownRegions = (
				en,
				Base,
			);
			mainGroup = BDE7FCA21F121A4400AE1D21;
			productRefGroup = BDE7FCAC1F121A4400AE1D21 /* Products */;
			projectDirPath = "";
			projectRoot = "";
			targets = (
				BDE7FCAA1F121A4400AE1D21 /* FBMessanger */,
			);
		};
/* End PBXProject section */

/* Begin PBXResourcesBuildPhase section */
		BDE7FCA91F121A4400AE1D21 /* Resources */ = {
			isa = PBXResourcesBuildPhase;
			buildActionMask = 2147483647;
			files = (
				BDE7FCBC1F121A4400AE1D21 /* LaunchScreen.storyboard in Resources */,
				BDE7FCB91F121A4400AE1D21 /* Assets.xcassets in Resources */,
			);
			runOnlyForDeploymentPostprocessing = 0;
		};
/* End PBXResourcesBuildPhase section */

/* Begin PBXSourcesBuildPhase section */
		BDE7FCA71F121A4400AE1D21 /* Sources */ = {
			isa = PBXSourcesBuildPhase;
			buildActionMask = 2147483647;
			files = (
				BDE7FCAF1F121A4400AE1D21 /* AppDelegate.swift in Sources */,
				BDE7FCC41F121AA400AE1D21 /* FriendsViewController.swift in Sources */,
				BDE7FCB71F121A4400AE1D21 /* FBMessanger.xcdatamodeld in Sources */,
			);
			runOnlyForDeploymentPostprocessing = 0;
		};
/* End PBXSourcesBuildPhase section */

/* Begin PBXVariantGroup section */
		BDE7FCBA1F121A4400AE1D21 /* LaunchScreen.storyboard */ = {
			isa = PBXVariantGroup;
			children = (
				BDE7FCBB1F121A4400AE1D21 /* Base */,
			);
			name = LaunchScreen.storyboard;
			sourceTree = "<group>";
		};
/* End PBXVariantGroup section */

/* Begin XCBuildConfiguration section */
		BDE7FCBE1F121A4400AE1D21 /* Debug */ = {
			isa = XCBuildConfiguration;
			buildSettings = {
				ALWAYS_SEARCH_USER_PATHS = NO;
				CLANG_ANALYZER_NONNULL = YES;
				CLANG_ANALYZER_NUMBER_OBJECT_CONVERSION = YES_AGGRESSIVE;
				CLANG_CXX_LANGUAGE_STANDARD = "gnu++0x";
				CLANG_CXX_LIBRARY = "libc++";
				CLANG_ENABLE_MODULES = YES;
				CLANG_ENABLE_OBJC_ARC = YES;
				CLANG_WARN_BOOL_CONVERSION = YES;
				CLANG_WARN_CONSTANT_CONVERSION = YES;
				CLANG_WARN_DIRECT_OBJC_ISA_USAGE = YES_ERROR;
				CLANG_WARN_DOCUMENTATION_COMMENTS = YES;
				CLANG_WARN_EMPTY_BODY = YES;
				CLANG_WARN_ENUM_CONVERSION = YES;
				CLANG_WARN_INFINITE_RECURSION = YES;
				CLANG_WARN_INT_CONVERSION = YES;
				CLANG_WARN_OBJC_ROOT_CLASS = YES_ERROR;
				CLANG_WARN_SUSPICIOUS_MOVE = YES;
				CLANG_WARN_UNREACHABLE_CODE = YES;
				CLANG_WARN__DUPLICATE_METHOD_MATCH = YES;
				"CODE_SIGN_IDENTITY[sdk=iphoneos*]" = "iPhone Developer";
				COPY_PHASE_STRIP = NO;
				DEBUG_INFORMATION_FORMAT = dwarf;
				ENABLE_STRICT_OBJC_MSGSEND = YES;
				ENABLE_TESTABILITY = YES;
				GCC_C_LANGUAGE_STANDARD = gnu99;
				GCC_DYNAMIC_NO_PIC = NO;
				GCC_NO_COMMON_BLOCKS = YES;
				GCC_OPTIMIZATION_LEVEL = 0;
				GCC_PREPROCESSOR_DEFINITIONS = (
					"DEBUG=1",
					"$(inherited)",
				);
				GCC_WARN_64_TO_32_BIT_CONVERSION = YES;
				GCC_WARN_ABOUT_RETURN_TYPE = YES_ERROR;
				GCC_WARN_UNDECLARED_SELECTOR = YES;
				GCC_WARN_UNINITIALIZED_AUTOS = YES_AGGRESSIVE;
				GCC_WARN_UNUSED_FUNCTION = YES;
				GCC_WARN_UNUSED_VARIABLE = YES;
				IPHONEOS_DEPLOYMENT_TARGET = 10.3;
				MTL_ENABLE_DEBUG_INFO = YES;
				ONLY_ACTIVE_ARCH = YES;
				SDKROOT = iphoneos;
				SWIFT_ACTIVE_COMPILATION_CONDITIONS = DEBUG;
				SWIFT_OPTIMIZATION_LEVEL = "-Onone";
				TARGETED_DEVICE_FAMILY = "1,2";
			};
			name = Debug;
		};
		BDE7FCBF1F121A4400AE1D21 /* Release */ = {
			isa = XCBuildConfiguration;
			buildSettings = {
				ALWAYS_SEARCH_USER_PATHS = NO;
				CLANG_ANALYZER_NONNULL = YES;
				CLANG_ANALYZER_NUMBER_OBJECT_CONVERSION = YES_AGGRESSIVE;
				CLANG_CXX_LANGUAGE_STANDARD = "gnu++0x";
				CLANG_CXX_LIBRARY = "libc++";
				CLANG_ENABLE_MODULES = YES;
				CLANG_ENABLE_OBJC_ARC = YES;
				CLANG_WARN_BOOL_CONVERSION = YES;
				CLANG_WARN_CONSTANT_CONVERSION = YES;
				CLANG_WARN_DIRECT_OBJC_ISA_USAGE = YES_ERROR;
				CLANG_WARN_DOCUMENTATION_COMMENTS = YES;
				CLANG_WARN_EMPTY_BODY = YES;
				CLANG_WARN_ENUM_CONVERSION = YES;
				CLANG_WARN_INFINITE_RECURSION = YES;
				CLANG_WARN_INT_CONVERSION = YES;
				CLANG_WARN_OBJC_ROOT_CLASS = YES_ERROR;
				CLANG_WARN_SUSPICIOUS_MOVE = YES;
				CLANG_WARN_UNREACHABLE_CODE = YES;
				CLANG_WARN__DUPLICATE_METHOD_MATCH = YES;
				"CODE_SIGN_IDENTITY[sdk=iphoneos*]" = "iPhone Developer";
				COPY_PHASE_STRIP = NO;
				DEBUG_INFORMATION_FORMAT = "dwarf-with-dsym";
				ENABLE_NS_ASSERTIONS = NO;
				ENABLE_STRICT_OBJC_MSGSEND = YES;
				GCC_C_LANGUAGE_STANDARD = gnu99;
				GCC_NO_COMMON_BLOCKS = YES;
				GCC_WARN_64_TO_32_BIT_CONVERSION = YES;
				GCC_WARN_ABOUT_RETURN_TYPE = YES_ERROR;
				GCC_WARN_UNDECLARED_SELECTOR = YES;
				GCC_WARN_UNINITIALIZED_AUTOS = YES_AGGRESSIVE;
				GCC_WARN_UNUSED_FUNCTION = YES;
				GCC_WARN_UNUSED_VARIABLE = YES;
				IPHONEOS_DEPLOYMENT_TARGET = 10.3;
				MTL_ENABLE_DEBUG_INFO = NO;
				SDKROOT = iphoneos;
				SWIFT_OPTIMIZATION_LEVEL = "-Owholemodule";
				TARGETED_DEVICE_FAMILY = "1,2";
				VALIDATE_PRODUCT = YES;
			};
			name = Release;
		};
		BDE7FCC11F121A4400AE1D21 /* Debug */ = {
			isa = XCBuildConfiguration;
			buildSettings = {
				ASSETCATALOG_COMPILER_APPICON_NAME = AppIcon;
				INFOPLIST_FILE = FBMessanger/Info.plist;
				LD_RUNPATH_SEARCH_PATHS = "$(inherited) @executable_path/Frameworks";
				PRODUCT_BUNDLE_IDENTIFIER = com.shilpa.FBMessanger;
				PRODUCT_NAME = "$(TARGET_NAME)";
				SWIFT_VERSION = 3.0;
			};
			name = Debug;
		};
		BDE7FCC21F121A4400AE1D21 /* Release */ = {
			isa = XCBuildConfiguration;
			buildSettings = {
				ASSETCATALOG_COMPILER_APPICON_NAME = AppIcon;
				INFOPLIST_FILE = FBMessanger/Info.plist;
				LD_RUNPATH_SEARCH_PATHS = "$(inherited) @executable_path/Frameworks";
				PRODUCT_BUNDLE_IDENTIFIER = com.shilpa.FBMessanger;
				PRODUCT_NAME = "$(TARGET_NAME)";
				SWIFT_VERSION = 3.0;
			};
			name = Release;
		};
/* End XCBuildConfiguration section */

/* Begin XCConfigurationList section */
		BDE7FCA61F121A4400AE1D21 /* Build configuration list for PBXProject "FBMessanger" */ = {
			isa = XCConfigurationList;
			buildConfigurations = (
				BDE7FCBE1F121A4400AE1D21 /* Debug */,
				BDE7FCBF1F121A4400AE1D21 /* Release */,
			);
			defaultConfigurationIsVisible = 0;
			defaultConfigurationName = Release;
		};
		BDE7FCC01F121A4400AE1D21 /* Build configuration list for PBXNativeTarget "FBMessanger" */ = {
			isa = XCConfigurationList;
			buildConfigurations = (
				BDE7FCC11F121A4400AE1D21 /* Debug */,
				BDE7FCC21F121A4400AE1D21 /* Release */,
			);
			defaultConfigurationIsVisible = 0;
		};
/* End XCConfigurationList section */

/* Begin XCVersionGroup section */
		BDE7FCB51F121A4400AE1D21 /* FBMessanger.xcdatamodeld */ = {
			isa = XCVersionGroup;
			children = (
				BDE7FCB61F121A4400AE1D21 /* FBMessanger.xcdatamodel */,
			);
			currentVersion = BDE7FCB61F121A4400AE1D21 /* FBMessanger.xcdatamodel */;
			path = FBMessanger.xcdatamodeld;
			sourceTree = "<group>";
			versionGroupType = wrapper.xcdatamodel;
		};
/* End XCVersionGroup section */
	};
	rootObject = BDE7FCA31F121A4400AE1D21 /* Project object */;
}
