// !$*UTF8*$!
{
	archiveVersion = 1;
	classes = {
	};
	objectVersion = 46;
	objects = {

/* Begin PBXBuildFile section */
		BD96CA871ED460870036934D /* AppDelegate.swift in Sources */ = {isa = PBXBuildFile; fileRef = BD96CA861ED460870036934D /* AppDelegate.swift */; };
		BD96CA891ED460870036934D /* HomeController.swift in Sources */ = {isa = PBXBuildFile; fileRef = BD96CA881ED460870036934D /* HomeController.swift */; };
		BD96CA8E1ED460870036934D /* Assets.xcassets in Resources */ = {isa = PBXBuildFile; fileRef = BD96CA8D1ED460870036934D /* Assets.xcassets */; };
		BD96CA911ED460870036934D /* LaunchScreen.storyboard in Resources */ = {isa = PBXBuildFile; fileRef = BD96CA8F1ED460870036934D /* LaunchScreen.storyboard */; };
		BD96CA9C1ED460870036934D /* YouTubeTests.swift in Sources */ = {isa = PBXBuildFile; fileRef = BD96CA9B1ED460870036934D /* YouTubeTests.swift */; };
		BD96CAA71ED460870036934D /* YouTubeUITests.swift in Sources */ = {isa = PBXBuildFile; fileRef = BD96CAA61ED460870036934D /* YouTubeUITests.swift */; };
		BD96CAB51ED47FD90036934D /* Extensions.swift in Sources */ = {isa = PBXBuildFile; fileRef = BD96CAB41ED47FD90036934D /* Extensions.swift */; };
		BD96CAB71ED4802E0036934D /* VideoCell.swift in Sources */ = {isa = PBXBuildFile; fileRef = BD96CAB61ED4802E0036934D /* VideoCell.swift */; };
		BD96CABB1ED4C25B0036934D /* MenuBar.swift in Sources */ = {isa = PBXBuildFile; fileRef = BD96CABA1ED4C25B0036934D /* MenuBar.swift */; };
		BD96CABD1ED4F7580036934D /* MenuCell.swift in Sources */ = {isa = PBXBuildFile; fileRef = BD96CABC1ED4F7580036934D /* MenuCell.swift */; };
		BD96CAC01ED525E10036934D /* BaseCollectionViewCell.swift in Sources */ = {isa = PBXBuildFile; fileRef = BD96CABF1ED525E10036934D /* BaseCollectionViewCell.swift */; };
/* End PBXBuildFile section */

/* Begin PBXContainerItemProxy section */
		BD96CA981ED460870036934D /* PBXContainerItemProxy */ = {
			isa = PBXContainerItemProxy;
			containerPortal = BD96CA7B1ED460870036934D /* Project object */;
			proxyType = 1;
			remoteGlobalIDString = BD96CA821ED460870036934D;
			remoteInfo = YouTube;
		};
		BD96CAA31ED460870036934D /* PBXContainerItemProxy */ = {
			isa = PBXContainerItemProxy;
			containerPortal = BD96CA7B1ED460870036934D /* Project object */;
			proxyType = 1;
			remoteGlobalIDString = BD96CA821ED460870036934D;
			remoteInfo = YouTube;
		};
/* End PBXContainerItemProxy section */

/* Begin PBXFileReference section */
		BD96CA831ED460870036934D /* YouTube.app */ = {isa = PBXFileReference; explicitFileType = wrapper.application; includeInIndex = 0; path = YouTube.app; sourceTree = BUILT_PRODUCTS_DIR; };
		BD96CA861ED460870036934D /* AppDelegate.swift */ = {isa = PBXFileReference; lastKnownFileType = sourcecode.swift; path = AppDelegate.swift; sourceTree = "<group>"; };
		BD96CA881ED460870036934D /* HomeController.swift */ = {isa = PBXFileReference; lastKnownFileType = sourcecode.swift; path = HomeController.swift; sourceTree = "<group>"; };
		BD96CA8D1ED460870036934D /* Assets.xcassets */ = {isa = PBXFileReference; lastKnownFileType = folder.assetcatalog; path = Assets.xcassets; sourceTree = "<group>"; };
		BD96CA901ED460870036934D /* Base */ = {isa = PBXFileReference; lastKnownFileType = file.storyboard; name = Base; path = Base.lproj/LaunchScreen.storyboard; sourceTree = "<group>"; };
		BD96CA921ED460870036934D /* Info.plist */ = {isa = PBXFileReference; lastKnownFileType = text.plist.xml; path = Info.plist; sourceTree = "<group>"; };
		BD96CA971ED460870036934D /* YouTubeTests.xctest */ = {isa = PBXFileReference; explicitFileType = wrapper.cfbundle; includeInIndex = 0; path = YouTubeTests.xctest; sourceTree = BUILT_PRODUCTS_DIR; };
		BD96CA9B1ED460870036934D /* YouTubeTests.swift */ = {isa = PBXFileReference; lastKnownFileType = sourcecode.swift; path = YouTubeTests.swift; sourceTree = "<group>"; };
		BD96CA9D1ED460870036934D /* Info.plist */ = {isa = PBXFileReference; lastKnownFileType = text.plist.xml; path = Info.plist; sourceTree = "<group>"; };
		BD96CAA21ED460870036934D /* YouTubeUITests.xctest */ = {isa = PBXFileReference; explicitFileType = wrapper.cfbundle; includeInIndex = 0; path = YouTubeUITests.xctest; sourceTree = BUILT_PRODUCTS_DIR; };
		BD96CAA61ED460870036934D /* YouTubeUITests.swift */ = {isa = PBXFileReference; lastKnownFileType = sourcecode.swift; path = YouTubeUITests.swift; sourceTree = "<group>"; };
		BD96CAA81ED460870036934D /* Info.plist */ = {isa = PBXFileReference; lastKnownFileType = text.plist.xml; path = Info.plist; sourceTree = "<group>"; };
		BD96CAB41ED47FD90036934D /* Extensions.swift */ = {isa = PBXFileReference; fileEncoding = 4; lastKnownFileType = sourcecode.swift; path = Extensions.swift; sourceTree = "<group>"; };
		BD96CAB61ED4802E0036934D /* VideoCell.swift */ = {isa = PBXFileReference; fileEncoding = 4; lastKnownFileType = sourcecode.swift; path = VideoCell.swift; sourceTree = "<group>"; };
		BD96CABA1ED4C25B0036934D /* MenuBar.swift */ = {isa = PBXFileReference; fileEncoding = 4; lastKnownFileType = sourcecode.swift; path = MenuBar.swift; sourceTree = "<group>"; };
		BD96CABC1ED4F7580036934D /* MenuCell.swift */ = {isa = PBXFileReference; fileEncoding = 4; lastKnownFileType = sourcecode.swift; path = MenuCell.swift; sourceTree = "<group>"; };
		BD96CABF1ED525E10036934D /* BaseCollectionViewCell.swift */ = {isa = PBXFileReference; fileEncoding = 4; lastKnownFileType = sourcecode.swift; path = BaseCollectionViewCell.swift; sourceTree = "<group>"; };
/* End PBXFileReference section */

/* Begin PBXFrameworksBuildPhase section */
		BD96CA801ED460870036934D /* Frameworks */ = {
			isa = PBXFrameworksBuildPhase;
			buildActionMask = 2147483647;
			files = (
			);
			runOnlyForDeploymentPostprocessing = 0;
		};
		BD96CA941ED460870036934D /* Frameworks */ = {
			isa = PBXFrameworksBuildPhase;
			buildActionMask = 2147483647;
			files = (
			);
			runOnlyForDeploymentPostprocessing = 0;
		};
		BD96CA9F1ED460870036934D /* Frameworks */ = {
			isa = PBXFrameworksBuildPhase;
			buildActionMask = 2147483647;
			files = (
			);
			runOnlyForDeploymentPostprocessing = 0;
		};
/* End PBXFrameworksBuildPhase section */

/* Begin PBXGroup section */
		BD96CA7A1ED460870036934D = {
			isa = PBXGroup;
			children = (
				BD96CA851ED460870036934D /* YouTube */,
				BD96CA9A1ED460870036934D /* YouTubeTests */,
				BD96CAA51ED460870036934D /* YouTubeUITests */,
				BD96CA841ED460870036934D /* Products */,
			);
			sourceTree = "<group>";
		};
		BD96CA841ED460870036934D /* Products */ = {
			isa = PBXGroup;
			children = (
				BD96CA831ED460870036934D /* YouTube.app */,
				BD96CA971ED460870036934D /* YouTubeTests.xctest */,
				BD96CAA21ED460870036934D /* YouTubeUITests.xctest */,
			);
			name = Products;
			sourceTree = "<group>";
		};
		BD96CA851ED460870036934D /* YouTube */ = {
			isa = PBXGroup;
			children = (
				BD96CA861ED460870036934D /* AppDelegate.swift */,
				BD96CAB81ED480570036934D /* Controllers */,
				BD96CAB91ED480600036934D /* Views */,
				BD96CABE1ED525C00036934D /* Helper */,
				BD96CA8D1ED460870036934D /* Assets.xcassets */,
				BD96CA8F1ED460870036934D /* LaunchScreen.storyboard */,
				BD96CA921ED460870036934D /* Info.plist */,
			);
			path = YouTube;
			sourceTree = "<group>";
		};
		BD96CA9A1ED460870036934D /* YouTubeTests */ = {
			isa = PBXGroup;
			children = (
				BD96CA9B1ED460870036934D /* YouTubeTests.swift */,
				BD96CA9D1ED460870036934D /* Info.plist */,
			);
			path = YouTubeTests;
			sourceTree = "<group>";
		};
		BD96CAA51ED460870036934D /* YouTubeUITests */ = {
			isa = PBXGroup;
			children = (
				BD96CAA61ED460870036934D /* YouTubeUITests.swift */,
				BD96CAA81ED460870036934D /* Info.plist */,
			);
			path = YouTubeUITests;
			sourceTree = "<group>";
		};
		BD96CAB81ED480570036934D /* Controllers */ = {
			isa = PBXGroup;
			children = (
				BD96CA881ED460870036934D /* HomeController.swift */,
			);
			name = Controllers;
			sourceTree = "<group>";
		};
		BD96CAB91ED480600036934D /* Views */ = {
			isa = PBXGroup;
			children = (
				BD96CABF1ED525E10036934D /* BaseCollectionViewCell.swift */,
				BD96CAB61ED4802E0036934D /* VideoCell.swift */,
				BD96CABC1ED4F7580036934D /* MenuCell.swift */,
				BD96CABA1ED4C25B0036934D /* MenuBar.swift */,
			);
			name = Views;
			sourceTree = "<group>";
		};
		BD96CABE1ED525C00036934D /* Helper */ = {
			isa = PBXGroup;
			children = (
				BD96CAB41ED47FD90036934D /* Extensions.swift */,
			);
			name = Helper;
			sourceTree = "<group>";
		};
/* End PBXGroup section */

/* Begin PBXNativeTarget section */
		BD96CA821ED460870036934D /* YouTube */ = {
			isa = PBXNativeTarget;
			buildConfigurationList = BD96CAAB1ED460870036934D /* Build configuration list for PBXNativeTarget "YouTube" */;
			buildPhases = (
				BD96CA7F1ED460870036934D /* Sources */,
				BD96CA801ED460870036934D /* Frameworks */,
				BD96CA811ED460870036934D /* Resources */,
			);
			buildRules = (
			);
			dependencies = (
			);
			name = YouTube;
			productName = YouTube;
			productReference = BD96CA831ED460870036934D /* YouTube.app */;
			productType = "com.apple.product-type.application";
		};
		BD96CA961ED460870036934D /* YouTubeTests */ = {
			isa = PBXNativeTarget;
			buildConfigurationList = BD96CAAE1ED460870036934D /* Build configuration list for PBXNativeTarget "YouTubeTests" */;
			buildPhases = (
				BD96CA931ED460870036934D /* Sources */,
				BD96CA941ED460870036934D /* Frameworks */,
				BD96CA951ED460870036934D /* Resources */,
			);
			buildRules = (
			);
			dependencies = (
				BD96CA991ED460870036934D /* PBXTargetDependency */,
			);
			name = YouTubeTests;
			productName = YouTubeTests;
			productReference = BD96CA971ED460870036934D /* YouTubeTests.xctest */;
			productType = "com.apple.product-type.bundle.unit-test";
		};
		BD96CAA11ED460870036934D /* YouTubeUITests */ = {
			isa = PBXNativeTarget;
			buildConfigurationList = BD96CAB11ED460870036934D /* Build configuration list for PBXNativeTarget "YouTubeUITests" */;
			buildPhases = (
				BD96CA9E1ED460870036934D /* Sources */,
				BD96CA9F1ED460870036934D /* Frameworks */,
				BD96CAA01ED460870036934D /* Resources */,
			);
			buildRules = (
			);
			dependencies = (
				BD96CAA41ED460870036934D /* PBXTargetDependency */,
			);
			name = YouTubeUITests;
			productName = YouTubeUITests;
			productReference = BD96CAA21ED460870036934D /* YouTubeUITests.xctest */;
			productType = "com.apple.product-type.bundle.ui-testing";
		};
/* End PBXNativeTarget section */

/* Begin PBXProject section */
		BD96CA7B1ED460870036934D /* Project object */ = {
			isa = PBXProject;
			attributes = {
				LastSwiftUpdateCheck = 0830;
				LastUpgradeCheck = 0830;
				ORGANIZATIONNAME = "Shilpa Bhat";
				TargetAttributes = {
					BD96CA821ED460870036934D = {
						CreatedOnToolsVersion = 8.3.2;
						ProvisioningStyle = Automatic;
					};
					BD96CA961ED460870036934D = {
						CreatedOnToolsVersion = 8.3.2;
						ProvisioningStyle = Automatic;
						TestTargetID = BD96CA821ED460870036934D;
					};
					BD96CAA11ED460870036934D = {
						CreatedOnToolsVersion = 8.3.2;
						ProvisioningStyle = Automatic;
						TestTargetID = BD96CA821ED460870036934D;
					};
				};
			};
			buildConfigurationList = BD96CA7E1ED460870036934D /* Build configuration list for PBXProject "YouTube" */;
			compatibilityVersion = "Xcode 3.2";
			developmentRegion = English;
			hasScannedForEncodings = 0;
			knownRegions = (
				en,
				Base,
			);
			mainGroup = BD96CA7A1ED460870036934D;
			productRefGroup = BD96CA841ED460870036934D /* Products */;
			projectDirPath = "";
			projectRoot = "";
			targets = (
				BD96CA821ED460870036934D /* YouTube */,
				BD96CA961ED460870036934D /* YouTubeTests */,
				BD96CAA11ED460870036934D /* YouTubeUITests */,
			);
		};
/* End PBXProject section */

/* Begin PBXResourcesBuildPhase section */
		BD96CA811ED460870036934D /* Resources */ = {
			isa = PBXResourcesBuildPhase;
			buildActionMask = 2147483647;
			files = (
				BD96CA911ED460870036934D /* LaunchScreen.storyboard in Resources */,
				BD96CA8E1ED460870036934D /* Assets.xcassets in Resources */,
			);
			runOnlyForDeploymentPostprocessing = 0;
		};
		BD96CA951ED460870036934D /* Resources */ = {
			isa = PBXResourcesBuildPhase;
			buildActionMask = 2147483647;
			files = (
			);
			runOnlyForDeploymentPostprocessing = 0;
		};
		BD96CAA01ED460870036934D /* Resources */ = {
			isa = PBXResourcesBuildPhase;
			buildActionMask = 2147483647;
			files = (
			);
			runOnlyForDeploymentPostprocessing = 0;
		};
/* End PBXResourcesBuildPhase section */

/* Begin PBXSourcesBuildPhase section */
		BD96CA7F1ED460870036934D /* Sources */ = {
			isa = PBXSourcesBuildPhase;
			buildActionMask = 2147483647;
			files = (
				BD96CA891ED460870036934D /* HomeController.swift in Sources */,
				BD96CAC01ED525E10036934D /* BaseCollectionViewCell.swift in Sources */,
				BD96CAB71ED4802E0036934D /* VideoCell.swift in Sources */,
				BD96CABD1ED4F7580036934D /* MenuCell.swift in Sources */,
				BD96CAB51ED47FD90036934D /* Extensions.swift in Sources */,
				BD96CA871ED460870036934D /* AppDelegate.swift in Sources */,
				BD96CABB1ED4C25B0036934D /* MenuBar.swift in Sources */,
			);
			runOnlyForDeploymentPostprocessing = 0;
		};
		BD96CA931ED460870036934D /* Sources */ = {
			isa = PBXSourcesBuildPhase;
			buildActionMask = 2147483647;
			files = (
				BD96CA9C1ED460870036934D /* YouTubeTests.swift in Sources */,
			);
			runOnlyForDeploymentPostprocessing = 0;
		};
		BD96CA9E1ED460870036934D /* Sources */ = {
			isa = PBXSourcesBuildPhase;
			buildActionMask = 2147483647;
			files = (
				BD96CAA71ED460870036934D /* YouTubeUITests.swift in Sources */,
			);
			runOnlyForDeploymentPostprocessing = 0;
		};
/* End PBXSourcesBuildPhase section */

/* Begin PBXTargetDependency section */
		BD96CA991ED460870036934D /* PBXTargetDependency */ = {
			isa = PBXTargetDependency;
			target = BD96CA821ED460870036934D /* YouTube */;
			targetProxy = BD96CA981ED460870036934D /* PBXContainerItemProxy */;
		};
		BD96CAA41ED460870036934D /* PBXTargetDependency */ = {
			isa = PBXTargetDependency;
			target = BD96CA821ED460870036934D /* YouTube */;
			targetProxy = BD96CAA31ED460870036934D /* PBXContainerItemProxy */;
		};
/* End PBXTargetDependency section */

/* Begin PBXVariantGroup section */
		BD96CA8F1ED460870036934D /* LaunchScreen.storyboard */ = {
			isa = PBXVariantGroup;
			children = (
				BD96CA901ED460870036934D /* Base */,
			);
			name = LaunchScreen.storyboard;
			sourceTree = "<group>";
		};
/* End PBXVariantGroup section */

/* Begin XCBuildConfiguration section */
		BD96CAA91ED460870036934D /* Debug */ = {
			isa = XCBuildConfiguration;
			buildSettings = {
				ALWAYS_SEARCH_USER_PATHS = NO;
				CLANG_ANALYZER_NONNULL = YES;
				CLANG_ANALYZER_NUMBER_OBJECT_CONVERSION = YES_AGGRESSIVE;
				CLANG_CXX_LANGUAGE_STANDARD = "gnu++0x";
				CLANG_CXX_LIBRARY = "libc++";
				CLANG_ENABLE_MODULES = YES;
				CLANG_ENABLE_OBJC_ARC = YES;
				CLANG_WARN_BOOL_CONVERSION = YES;
				CLANG_WARN_CONSTANT_CONVERSION = YES;
				CLANG_WARN_DIRECT_OBJC_ISA_USAGE = YES_ERROR;
				CLANG_WARN_DOCUMENTATION_COMMENTS = YES;
				CLANG_WARN_EMPTY_BODY = YES;
				CLANG_WARN_ENUM_CONVERSION = YES;
				CLANG_WARN_INFINITE_RECURSION = YES;
				CLANG_WARN_INT_CONVERSION = YES;
				CLANG_WARN_OBJC_ROOT_CLASS = YES_ERROR;
				CLANG_WARN_SUSPICIOUS_MOVE = YES;
				CLANG_WARN_UNREACHABLE_CODE = YES;
				CLANG_WARN__DUPLICATE_METHOD_MATCH = YES;
				"CODE_SIGN_IDENTITY[sdk=iphoneos*]" = "iPhone Developer";
				COPY_PHASE_STRIP = NO;
				DEBUG_INFORMATION_FORMAT = dwarf;
				ENABLE_STRICT_OBJC_MSGSEND = YES;
				ENABLE_TESTABILITY = YES;
				GCC_C_LANGUAGE_STANDARD = gnu99;
				GCC_DYNAMIC_NO_PIC = NO;
				GCC_NO_COMMON_BLOCKS = YES;
				GCC_OPTIMIZATION_LEVEL = 0;
				GCC_PREPROCESSOR_DEFINITIONS = (
					"DEBUG=1",
					"$(inherited)",
				);
				GCC_WARN_64_TO_32_BIT_CONVERSION = YES;
				GCC_WARN_ABOUT_RETURN_TYPE = YES_ERROR;
				GCC_WARN_UNDECLARED_SELECTOR = YES;
				GCC_WARN_UNINITIALIZED_AUTOS = YES_AGGRESSIVE;
				GCC_WARN_UNUSED_FUNCTION = YES;
				GCC_WARN_UNUSED_VARIABLE = YES;
				IPHONEOS_DEPLOYMENT_TARGET = 10.3;
				MTL_ENABLE_DEBUG_INFO = YES;
				ONLY_ACTIVE_ARCH = YES;
				SDKROOT = iphoneos;
				SWIFT_ACTIVE_COMPILATION_CONDITIONS = DEBUG;
				SWIFT_OPTIMIZATION_LEVEL = "-Onone";
				TARGETED_DEVICE_FAMILY = "1,2";
			};
			name = Debug;
		};
		BD96CAAA1ED460870036934D /* Release */ = {
			isa = XCBuildConfiguration;
			buildSettings = {
				ALWAYS_SEARCH_USER_PATHS = NO;
				CLANG_ANALYZER_NONNULL = YES;
				CLANG_ANALYZER_NUMBER_OBJECT_CONVERSION = YES_AGGRESSIVE;
				CLANG_CXX_LANGUAGE_STANDARD = "gnu++0x";
				CLANG_CXX_LIBRARY = "libc++";
				CLANG_ENABLE_MODULES = YES;
				CLANG_ENABLE_OBJC_ARC = YES;
				CLANG_WARN_BOOL_CONVERSION = YES;
				CLANG_WARN_CONSTANT_CONVERSION = YES;
				CLANG_WARN_DIRECT_OBJC_ISA_USAGE = YES_ERROR;
				CLANG_WARN_DOCUMENTATION_COMMENTS = YES;
				CLANG_WARN_EMPTY_BODY = YES;
				CLANG_WARN_ENUM_CONVERSION = YES;
				CLANG_WARN_INFINITE_RECURSION = YES;
				CLANG_WARN_INT_CONVERSION = YES;
				CLANG_WARN_OBJC_ROOT_CLASS = YES_ERROR;
				CLANG_WARN_SUSPICIOUS_MOVE = YES;
				CLANG_WARN_UNREACHABLE_CODE = YES;
				CLANG_WARN__DUPLICATE_METHOD_MATCH = YES;
				"CODE_SIGN_IDENTITY[sdk=iphoneos*]" = "iPhone Developer";
				COPY_PHASE_STRIP = NO;
				DEBUG_INFORMATION_FORMAT = "dwarf-with-dsym";
				ENABLE_NS_ASSERTIONS = NO;
				ENABLE_STRICT_OBJC_MSGSEND = YES;
				GCC_C_LANGUAGE_STANDARD = gnu99;
				GCC_NO_COMMON_BLOCKS = YES;
				GCC_WARN_64_TO_32_BIT_CONVERSION = YES;
				GCC_WARN_ABOUT_RETURN_TYPE = YES_ERROR;
				GCC_WARN_UNDECLARED_SELECTOR = YES;
				GCC_WARN_UNINITIALIZED_AUTOS = YES_AGGRESSIVE;
				GCC_WARN_UNUSED_FUNCTION = YES;
				GCC_WARN_UNUSED_VARIABLE = YES;
				IPHONEOS_DEPLOYMENT_TARGET = 10.3;
				MTL_ENABLE_DEBUG_INFO = NO;
				SDKROOT = iphoneos;
				SWIFT_OPTIMIZATION_LEVEL = "-Owholemodule";
				TARGETED_DEVICE_FAMILY = "1,2";
				VALIDATE_PRODUCT = YES;
			};
			name = Release;
		};
		BD96CAAC1ED460870036934D /* Debug */ = {
			isa = XCBuildConfiguration;
			buildSettings = {
				ASSETCATALOG_COMPILER_APPICON_NAME = AppIcon;
				INFOPLIST_FILE = YouTube/Info.plist;
				LD_RUNPATH_SEARCH_PATHS = "$(inherited) @executable_path/Frameworks";
				PRODUCT_BUNDLE_IDENTIFIER = com.shilpa.YouTube;
				PRODUCT_NAME = "$(TARGET_NAME)";
				SWIFT_VERSION = 3.0;
			};
			name = Debug;
		};
		BD96CAAD1ED460870036934D /* Release */ = {
			isa = XCBuildConfiguration;
			buildSettings = {
				ASSETCATALOG_COMPILER_APPICON_NAME = AppIcon;
				INFOPLIST_FILE = YouTube/Info.plist;
				LD_RUNPATH_SEARCH_PATHS = "$(inherited) @executable_path/Frameworks";
				PRODUCT_BUNDLE_IDENTIFIER = com.shilpa.YouTube;
				PRODUCT_NAME = "$(TARGET_NAME)";
				SWIFT_VERSION = 3.0;
			};
			name = Release;
		};
		BD96CAAF1ED460870036934D /* Debug */ = {
			isa = XCBuildConfiguration;
			buildSettings = {
				ALWAYS_EMBED_SWIFT_STANDARD_LIBRARIES = YES;
				BUNDLE_LOADER = "$(TEST_HOST)";
				INFOPLIST_FILE = YouTubeTests/Info.plist;
				LD_RUNPATH_SEARCH_PATHS = "$(inherited) @executable_path/Frameworks @loader_path/Frameworks";
				PRODUCT_BUNDLE_IDENTIFIER = com.shilpa.YouTubeTests;
				PRODUCT_NAME = "$(TARGET_NAME)";
				SWIFT_VERSION = 3.0;
				TEST_HOST = "$(BUILT_PRODUCTS_DIR)/YouTube.app/YouTube";
			};
			name = Debug;
		};
		BD96CAB01ED460870036934D /* Release */ = {
			isa = XCBuildConfiguration;
			buildSettings = {
				ALWAYS_EMBED_SWIFT_STANDARD_LIBRARIES = YES;
				BUNDLE_LOADER = "$(TEST_HOST)";
				INFOPLIST_FILE = YouTubeTests/Info.plist;
				LD_RUNPATH_SEARCH_PATHS = "$(inherited) @executable_path/Frameworks @loader_path/Frameworks";
				PRODUCT_BUNDLE_IDENTIFIER = com.shilpa.YouTubeTests;
				PRODUCT_NAME = "$(TARGET_NAME)";
				SWIFT_VERSION = 3.0;
				TEST_HOST = "$(BUILT_PRODUCTS_DIR)/YouTube.app/YouTube";
			};
			name = Release;
		};
		BD96CAB21ED460870036934D /* Debug */ = {
			isa = XCBuildConfiguration;
			buildSettings = {
				ALWAYS_EMBED_SWIFT_STANDARD_LIBRARIES = YES;
				INFOPLIST_FILE = YouTubeUITests/Info.plist;
				LD_RUNPATH_SEARCH_PATHS = "$(inherited) @executable_path/Frameworks @loader_path/Frameworks";
				PRODUCT_BUNDLE_IDENTIFIER = com.shilpa.YouTubeUITests;
				PRODUCT_NAME = "$(TARGET_NAME)";
				SWIFT_VERSION = 3.0;
				TEST_TARGET_NAME = YouTube;
			};
			name = Debug;
		};
		BD96CAB31ED460870036934D /* Release */ = {
			isa = XCBuildConfiguration;
			buildSettings = {
				ALWAYS_EMBED_SWIFT_STANDARD_LIBRARIES = YES;
				INFOPLIST_FILE = YouTubeUITests/Info.plist;
				LD_RUNPATH_SEARCH_PATHS = "$(inherited) @executable_path/Frameworks @loader_path/Frameworks";
				PRODUCT_BUNDLE_IDENTIFIER = com.shilpa.YouTubeUITests;
				PRODUCT_NAME = "$(TARGET_NAME)";
				SWIFT_VERSION = 3.0;
				TEST_TARGET_NAME = YouTube;
			};
			name = Release;
		};
/* End XCBuildConfiguration section */

/* Begin XCConfigurationList section */
		BD96CA7E1ED460870036934D /* Build configuration list for PBXProject "YouTube" */ = {
			isa = XCConfigurationList;
			buildConfigurations = (
				BD96CAA91ED460870036934D /* Debug */,
				BD96CAAA1ED460870036934D /* Release */,
			);
			defaultConfigurationIsVisible = 0;
			defaultConfigurationName = Release;
		};
		BD96CAAB1ED460870036934D /* Build configuration list for PBXNativeTarget "YouTube" */ = {
			isa = XCConfigurationList;
			buildConfigurations = (
				BD96CAAC1ED460870036934D /* Debug */,
				BD96CAAD1ED460870036934D /* Release */,
			);
			defaultConfigurationIsVisible = 0;
		};
		BD96CAAE1ED460870036934D /* Build configuration list for PBXNativeTarget "YouTubeTests" */ = {
			isa = XCConfigurationList;
			buildConfigurations = (
				BD96CAAF1ED460870036934D /* Debug */,
				BD96CAB01ED460870036934D /* Release */,
			);
			defaultConfigurationIsVisible = 0;
		};
		BD96CAB11ED460870036934D /* Build configuration list for PBXNativeTarget "YouTubeUITests" */ = {
			isa = XCConfigurationList;
			buildConfigurations = (
				BD96CAB21ED460870036934D /* Debug */,
				BD96CAB31ED460870036934D /* Release */,
			);
			defaultConfigurationIsVisible = 0;
		};
/* End XCConfigurationList section */
	};
	rootObject = BD96CA7B1ED460870036934D /* Project object */;
}
