// !$*UTF8*$!
{
	archiveVersion = 1;
	classes = {
	};
	objectVersion = 46;
	objects = {

/* Begin PBXBuildFile section */
		BD1B2C4B1F1750AD004CC6B9 /* CategoryCell.swift in Sources */ = {isa = PBXBuildFile; fileRef = BD1B2C4A1F1750AD004CC6B9 /* CategoryCell.swift */; };
		BD1B2C591F1754B9004CC6B9 /* AppCell.swift in Sources */ = {isa = PBXBuildFile; fileRef = BD1B2C581F1754B9004CC6B9 /* AppCell.swift */; };
		BD3138AC1F174BF3001D2EAE /* AppDelegate.swift in Sources */ = {isa = PBXBuildFile; fileRef = BD3138AB1F174BF3001D2EAE /* AppDelegate.swift */; };
		BD3138AE1F174BF3001D2EAE /* FetchAppsViewController.swift in Sources */ = {isa = PBXBuildFile; fileRef = BD3138AD1F174BF3001D2EAE /* FetchAppsViewController.swift */; };
		BD3138B31F174BF3001D2EAE /* Assets.xcassets in Resources */ = {isa = PBXBuildFile; fileRef = BD3138B21F174BF3001D2EAE /* Assets.xcassets */; };
		BD3138B61F174BF3001D2EAE /* LaunchScreen.storyboard in Resources */ = {isa = PBXBuildFile; fileRef = BD3138B41F174BF3001D2EAE /* LaunchScreen.storyboard */; };
/* End PBXBuildFile section */

/* Begin PBXFileReference section */
		BD1B2C4A1F1750AD004CC6B9 /* CategoryCell.swift */ = {isa = PBXFileReference; fileEncoding = 4; lastKnownFileType = sourcecode.swift; path = CategoryCell.swift; sourceTree = "<group>"; };
		BD1B2C581F1754B9004CC6B9 /* AppCell.swift */ = {isa = PBXFileReference; fileEncoding = 4; lastKnownFileType = sourcecode.swift; path = AppCell.swift; sourceTree = "<group>"; };
		BD3138A81F174BF3001D2EAE /* AppStore.app */ = {isa = PBXFileReference; explicitFileType = wrapper.application; includeInIndex = 0; path = AppStore.app; sourceTree = BUILT_PRODUCTS_DIR; };
		BD3138AB1F174BF3001D2EAE /* AppDelegate.swift */ = {isa = PBXFileReference; lastKnownFileType = sourcecode.swift; path = AppDelegate.swift; sourceTree = "<group>"; };
		BD3138AD1F174BF3001D2EAE /* FetchAppsViewController.swift */ = {isa = PBXFileReference; lastKnownFileType = sourcecode.swift; path = FetchAppsViewController.swift; sourceTree = "<group>"; };
		BD3138B21F174BF3001D2EAE /* Assets.xcassets */ = {isa = PBXFileReference; lastKnownFileType = folder.assetcatalog; path = Assets.xcassets; sourceTree = "<group>"; };
		BD3138B51F174BF3001D2EAE /* Base */ = {isa = PBXFileReference; lastKnownFileType = file.storyboard; name = Base; path = Base.lproj/LaunchScreen.storyboard; sourceTree = "<group>"; };
		BD3138B71F174BF3001D2EAE /* Info.plist */ = {isa = PBXFileReference; lastKnownFileType = text.plist.xml; path = Info.plist; sourceTree = "<group>"; };
/* End PBXFileReference section */

/* Begin PBXFrameworksBuildPhase section */
		BD3138A51F174BF3001D2EAE /* Frameworks */ = {
			isa = PBXFrameworksBuildPhase;
			buildActionMask = 2147483647;
			files = (
			);
			runOnlyForDeploymentPostprocessing = 0;
		};
/* End PBXFrameworksBuildPhase section */

/* Begin PBXGroup section */
		BD1B2C601F17A96F004CC6B9 /* View */ = {
			isa = PBXGroup;
			children = (
				BD1B2C4A1F1750AD004CC6B9 /* CategoryCell.swift */,
				BD1B2C581F1754B9004CC6B9 /* AppCell.swift */,
			);
			name = View;
			sourceTree = "<group>";
		};
		BD1B2C611F17A976004CC6B9 /* Controller */ = {
			isa = PBXGroup;
			children = (
				BD3138AD1F174BF3001D2EAE /* FetchAppsViewController.swift */,
			);
			name = Controller;
			sourceTree = "<group>";
		};
		BD1B2C621F17A985004CC6B9 /* Supporting Files */ = {
			isa = PBXGroup;
			children = (
				BD3138AB1F174BF3001D2EAE /* AppDelegate.swift */,
				BD3138B21F174BF3001D2EAE /* Assets.xcassets */,
				BD3138B41F174BF3001D2EAE /* LaunchScreen.storyboard */,
				BD3138B71F174BF3001D2EAE /* Info.plist */,
			);
			name = "Supporting Files";
			sourceTree = "<group>";
		};
		BD31389F1F174BF3001D2EAE = {
			isa = PBXGroup;
			children = (
				BD3138AA1F174BF3001D2EAE /* AppStore */,
				BD3138A91F174BF3001D2EAE /* Products */,
			);
			sourceTree = "<group>";
		};
		BD3138A91F174BF3001D2EAE /* Products */ = {
			isa = PBXGroup;
			children = (
				BD3138A81F174BF3001D2EAE /* AppStore.app */,
			);
			name = Products;
			sourceTree = "<group>";
		};
		BD3138AA1F174BF3001D2EAE /* AppStore */ = {
			isa = PBXGroup;
			children = (
				BD1B2C611F17A976004CC6B9 /* Controller */,
				BD1B2C601F17A96F004CC6B9 /* View */,
				BD1B2C621F17A985004CC6B9 /* Supporting Files */,
			);
			path = AppStore;
			sourceTree = "<group>";
		};
/* End PBXGroup section */

/* Begin PBXNativeTarget section */
		BD3138A71F174BF3001D2EAE /* AppStore */ = {
			isa = PBXNativeTarget;
			buildConfigurationList = BD3138BA1F174BF3001D2EAE /* Build configuration list for PBXNativeTarget "AppStore" */;
			buildPhases = (
				BD3138A41F174BF3001D2EAE /* Sources */,
				BD3138A51F174BF3001D2EAE /* Frameworks */,
				BD3138A61F174BF3001D2EAE /* Resources */,
			);
			buildRules = (
			);
			dependencies = (
			);
			name = AppStore;
			productName = AppStore;
			productReference = BD3138A81F174BF3001D2EAE /* AppStore.app */;
			productType = "com.apple.product-type.application";
		};
/* End PBXNativeTarget section */

/* Begin PBXProject section */
		BD3138A01F174BF3001D2EAE /* Project object */ = {
			isa = PBXProject;
			attributes = {
				LastSwiftUpdateCheck = 0830;
				LastUpgradeCheck = 0830;
				ORGANIZATIONNAME = "Shilpa Bhat";
				TargetAttributes = {
					BD3138A71F174BF3001D2EAE = {
						CreatedOnToolsVersion = 8.3.3;
						ProvisioningStyle = Automatic;
					};
				};
			};
			buildConfigurationList = BD3138A31F174BF3001D2EAE /* Build configuration list for PBXProject "AppStore" */;
			compatibilityVersion = "Xcode 3.2";
			developmentRegion = English;
			hasScannedForEncodings = 0;
			knownRegions = (
				en,
				Base,
			);
			mainGroup = BD31389F1F174BF3001D2EAE;
			productRefGroup = BD3138A91F174BF3001D2EAE /* Products */;
			projectDirPath = "";
			projectRoot = "";
			targets = (
				BD3138A71F174BF3001D2EAE /* AppStore */,
			);
		};
/* End PBXProject section */

/* Begin PBXResourcesBuildPhase section */
		BD3138A61F174BF3001D2EAE /* Resources */ = {
			isa = PBXResourcesBuildPhase;
			buildActionMask = 2147483647;
			files = (
				BD3138B61F174BF3001D2EAE /* LaunchScreen.storyboard in Resources */,
				BD3138B31F174BF3001D2EAE /* Assets.xcassets in Resources */,
			);
			runOnlyForDeploymentPostprocessing = 0;
		};
/* End PBXResourcesBuildPhase section */

/* Begin PBXSourcesBuildPhase section */
		BD3138A41F174BF3001D2EAE /* Sources */ = {
			isa = PBXSourcesBuildPhase;
			buildActionMask = 2147483647;
			files = (
				BD3138AE1F174BF3001D2EAE /* FetchAppsViewController.swift in Sources */,
				BD1B2C591F1754B9004CC6B9 /* AppCell.swift in Sources */,
				BD3138AC1F174BF3001D2EAE /* AppDelegate.swift in Sources */,
				BD1B2C4B1F1750AD004CC6B9 /* CategoryCell.swift in Sources */,
			);
			runOnlyForDeploymentPostprocessing = 0;
		};
/* End PBXSourcesBuildPhase section */

/* Begin PBXVariantGroup section */
		BD3138B41F174BF3001D2EAE /* LaunchScreen.storyboard */ = {
			isa = PBXVariantGroup;
			children = (
				BD3138B51F174BF3001D2EAE /* Base */,
			);
			name = LaunchScreen.storyboard;
			sourceTree = "<group>";
		};
/* End PBXVariantGroup section */

/* Begin XCBuildConfiguration section */
		BD3138B81F174BF3001D2EAE /* Debug */ = {
			isa = XCBuildConfiguration;
			buildSettings = {
				ALWAYS_SEARCH_USER_PATHS = NO;
				CLANG_ANALYZER_NONNULL = YES;
				CLANG_ANALYZER_NUMBER_OBJECT_CONVERSION = YES_AGGRESSIVE;
				CLANG_CXX_LANGUAGE_STANDARD = "gnu++0x";
				CLANG_CXX_LIBRARY = "libc++";
				CLANG_ENABLE_MODULES = YES;
				CLANG_ENABLE_OBJC_ARC = YES;
				CLANG_WARN_BOOL_CONVERSION = YES;
				CLANG_WARN_CONSTANT_CONVERSION = YES;
				CLANG_WARN_DIRECT_OBJC_ISA_USAGE = YES_ERROR;
				CLANG_WARN_DOCUMENTATION_COMMENTS = YES;
				CLANG_WARN_EMPTY_BODY = YES;
				CLANG_WARN_ENUM_CONVERSION = YES;
				CLANG_WARN_INFINITE_RECURSION = YES;
				CLANG_WARN_INT_CONVERSION = YES;
				CLANG_WARN_OBJC_ROOT_CLASS = YES_ERROR;
				CLANG_WARN_SUSPICIOUS_MOVE = YES;
				CLANG_WARN_UNREACHABLE_CODE = YES;
				CLANG_WARN__DUPLICATE_METHOD_MATCH = YES;
				"CODE_SIGN_IDENTITY[sdk=iphoneos*]" = "iPhone Developer";
				COPY_PHASE_STRIP = NO;
				DEBUG_INFORMATION_FORMAT = dwarf;
				ENABLE_STRICT_OBJC_MSGSEND = YES;
				ENABLE_TESTABILITY = YES;
				GCC_C_LANGUAGE_STANDARD = gnu99;
				GCC_DYNAMIC_NO_PIC = NO;
				GCC_NO_COMMON_BLOCKS = YES;
				GCC_OPTIMIZATION_LEVEL = 0;
				GCC_PREPROCESSOR_DEFINITIONS = (
					"DEBUG=1",
					"$(inherited)",
				);
				GCC_WARN_64_TO_32_BIT_CONVERSION = YES;
				GCC_WARN_ABOUT_RETURN_TYPE = YES_ERROR;
				GCC_WARN_UNDECLARED_SELECTOR = YES;
				GCC_WARN_UNINITIALIZED_AUTOS = YES_AGGRESSIVE;
				GCC_WARN_UNUSED_FUNCTION = YES;
				GCC_WARN_UNUSED_VARIABLE = YES;
				IPHONEOS_DEPLOYMENT_TARGET = 10.3;
				MTL_ENABLE_DEBUG_INFO = YES;
				ONLY_ACTIVE_ARCH = YES;
				SDKROOT = iphoneos;
				SWIFT_ACTIVE_COMPILATION_CONDITIONS = DEBUG;
				SWIFT_OPTIMIZATION_LEVEL = "-Onone";
				TARGETED_DEVICE_FAMILY = "1,2";
			};
			name = Debug;
		};
		BD3138B91F174BF3001D2EAE /* Release */ = {
			isa = XCBuildConfiguration;
			buildSettings = {
				ALWAYS_SEARCH_USER_PATHS = NO;
				CLANG_ANALYZER_NONNULL = YES;
				CLANG_ANALYZER_NUMBER_OBJECT_CONVERSION = YES_AGGRESSIVE;
				CLANG_CXX_LANGUAGE_STANDARD = "gnu++0x";
				CLANG_CXX_LIBRARY = "libc++";
				CLANG_ENABLE_MODULES = YES;
				CLANG_ENABLE_OBJC_ARC = YES;
				CLANG_WARN_BOOL_CONVERSION = YES;
				CLANG_WARN_CONSTANT_CONVERSION = YES;
				CLANG_WARN_DIRECT_OBJC_ISA_USAGE = YES_ERROR;
				CLANG_WARN_DOCUMENTATION_COMMENTS = YES;
				CLANG_WARN_EMPTY_BODY = YES;
				CLANG_WARN_ENUM_CONVERSION = YES;
				CLANG_WARN_INFINITE_RECURSION = YES;
				CLANG_WARN_INT_CONVERSION = YES;
				CLANG_WARN_OBJC_ROOT_CLASS = YES_ERROR;
				CLANG_WARN_SUSPICIOUS_MOVE = YES;
				CLANG_WARN_UNREACHABLE_CODE = YES;
				CLANG_WARN__DUPLICATE_METHOD_MATCH = YES;
				"CODE_SIGN_IDENTITY[sdk=iphoneos*]" = "iPhone Developer";
				COPY_PHASE_STRIP = NO;
				DEBUG_INFORMATION_FORMAT = "dwarf-with-dsym";
				ENABLE_NS_ASSERTIONS = NO;
				ENABLE_STRICT_OBJC_MSGSEND = YES;
				GCC_C_LANGUAGE_STANDARD = gnu99;
				GCC_NO_COMMON_BLOCKS = YES;
				GCC_WARN_64_TO_32_BIT_CONVERSION = YES;
				GCC_WARN_ABOUT_RETURN_TYPE = YES_ERROR;
				GCC_WARN_UNDECLARED_SELECTOR = YES;
				GCC_WARN_UNINITIALIZED_AUTOS = YES_AGGRESSIVE;
				GCC_WARN_UNUSED_FUNCTION = YES;
				GCC_WARN_UNUSED_VARIABLE = YES;
				IPHONEOS_DEPLOYMENT_TARGET = 10.3;
				MTL_ENABLE_DEBUG_INFO = NO;
				SDKROOT = iphoneos;
				SWIFT_OPTIMIZATION_LEVEL = "-Owholemodule";
				TARGETED_DEVICE_FAMILY = "1,2";
				VALIDATE_PRODUCT = YES;
			};
			name = Release;
		};
		BD3138BB1F174BF3001D2EAE /* Debug */ = {
			isa = XCBuildConfiguration;
			buildSettings = {
				ASSETCATALOG_COMPILER_APPICON_NAME = AppIcon;
				INFOPLIST_FILE = AppStore/Info.plist;
				LD_RUNPATH_SEARCH_PATHS = "$(inherited) @executable_path/Frameworks";
				PRODUCT_BUNDLE_IDENTIFIER = com.shilpa.AppStore;
				PRODUCT_NAME = "$(TARGET_NAME)";
				SWIFT_VERSION = 3.0;
			};
			name = Debug;
		};
		BD3138BC1F174BF3001D2EAE /* Release */ = {
			isa = XCBuildConfiguration;
			buildSettings = {
				ASSETCATALOG_COMPILER_APPICON_NAME = AppIcon;
				INFOPLIST_FILE = AppStore/Info.plist;
				LD_RUNPATH_SEARCH_PATHS = "$(inherited) @executable_path/Frameworks";
				PRODUCT_BUNDLE_IDENTIFIER = com.shilpa.AppStore;
				PRODUCT_NAME = "$(TARGET_NAME)";
				SWIFT_VERSION = 3.0;
			};
			name = Release;
		};
/* End XCBuildConfiguration section */

/* Begin XCConfigurationList section */
		BD3138A31F174BF3001D2EAE /* Build configuration list for PBXProject "AppStore" */ = {
			isa = XCConfigurationList;
			buildConfigurations = (
				BD3138B81F174BF3001D2EAE /* Debug */,
				BD3138B91F174BF3001D2EAE /* Release */,
			);
			defaultConfigurationIsVisible = 0;
			defaultConfigurationName = Release;
		};
		BD3138BA1F174BF3001D2EAE /* Build configuration list for PBXNativeTarget "AppStore" */ = {
			isa = XCConfigurationList;
			buildConfigurations = (
				BD3138BB1F174BF3001D2EAE /* Debug */,
				BD3138BC1F174BF3001D2EAE /* Release */,
			);
			defaultConfigurationIsVisible = 0;
			defaultConfigurationName = Release;
		};
/* End XCConfigurationList section */
	};
	rootObject = BD3138A01F174BF3001D2EAE /* Project object */;
}
